{
  "name": "radmin",
  "version": "1.0.0",
  "lockfileVersion": 3,
  "requires": true,
  "packages": {
    "": {
      "name": "radmin",
      "version": "1.0.0",
      "license": "ISC",
      "devDependencies": {
        "@types/tabulator-tables": "^6.2.11"
      }
    },
    "node_modules/@types/tabulator-tables": {
      "version": "6.2.11",
      "resolved": "https://registry.npmjs.org/@types/tabulator-tables/-/tabulator-tables-6.2.11.tgz",
      "integrity": "sha512-vDyUwAsrMYH17YvkTuEPUx2Rp98JK0p3B74EsUlvYr08bP4l0NgXL+0tcDIon8Rd2GJeOFC0gW+/3MZ5a9nvSg==",
      "dev": true,
      "license": "MIT"
    }
  }
}
